// !$*UTF8*$!
{
	archiveVersion = 1;
	classes = {
	};
	objectVersion = 46;
	objects = {

/* Begin PBXBuildFile section */
		14361FF31EE2C0590050AB4E /* Pokecell.swift in Sources */ = {isa = PBXBuildFile; fileRef = 14361FF21EE2C0590050AB4E /* Pokecell.swift */; };
		14361FF51EE43BE10050AB4E /* csv.swift in Sources */ = {isa = PBXBuildFile; fileRef = 14361FF41EE43BE10050AB4E /* csv.swift */; };
		146BD8081EE4591F00F55F89 /* Pokemon.ttf in Resources */ = {isa = PBXBuildFile; fileRef = 146BD8071EE4591F00F55F89 /* Pokemon.ttf */; };
		146BD80D1EE45FE100F55F89 /* music.png in Resources */ = {isa = PBXBuildFile; fileRef = 146BD80C1EE45FE100F55F89 /* music.png */; };
		146BD80F1EE45FEB00F55F89 /* music.mp3 in Resources */ = {isa = PBXBuildFile; fileRef = 146BD80E1EE45FEB00F55F89 /* music.mp3 */; };
		14A243071EE175D400893C4A /* AppDelegate.swift in Sources */ = {isa = PBXBuildFile; fileRef = 14A243061EE175D400893C4A /* AppDelegate.swift */; };
		14A243091EE175D400893C4A /* ViewController.swift in Sources */ = {isa = PBXBuildFile; fileRef = 14A243081EE175D400893C4A /* ViewController.swift */; };
		14A2430C1EE175D400893C4A /* Main.storyboard in Resources */ = {isa = PBXBuildFile; fileRef = 14A2430A1EE175D400893C4A /* Main.storyboard */; };
		14A2430E1EE175D400893C4A /* Assets.xcassets in Resources */ = {isa = PBXBuildFile; fileRef = 14A2430D1EE175D400893C4A /* Assets.xcassets */; };
		14A243111EE175D400893C4A /* LaunchScreen.storyboard in Resources */ = {isa = PBXBuildFile; fileRef = 14A2430F1EE175D400893C4A /* LaunchScreen.storyboard */; };
		14A243191EE2222100893C4A /* pokemon.csv in Resources */ = {isa = PBXBuildFile; fileRef = 14A243181EE2222100893C4A /* pokemon.csv */; };
		14A2431C1EE2378400893C4A /* Pokemon.swift in Sources */ = {isa = PBXBuildFile; fileRef = 14A2431B1EE2378400893C4A /* Pokemon.swift */; };
/* End PBXBuildFile section */

/* Begin PBXFileReference section */
		14361FF21EE2C0590050AB4E /* Pokecell.swift */ = {isa = PBXFileReference; fileEncoding = 4; lastKnownFileType = sourcecode.swift; path = Pokecell.swift; sourceTree = "<group>"; };
		14361FF41EE43BE10050AB4E /* csv.swift */ = {isa = PBXFileReference; fileEncoding = 4; lastKnownFileType = sourcecode.swift; path = csv.swift; sourceTree = "<group>"; };
		146BD8071EE4591F00F55F89 /* Pokemon.ttf */ = {isa = PBXFileReference; lastKnownFileType = file; path = Pokemon.ttf; sourceTree = "<group>"; };
		146BD80C1EE45FE100F55F89 /* music.png */ = {isa = PBXFileReference; lastKnownFileType = image.png; path = music.png; sourceTree = "<group>"; };
		146BD80E1EE45FEB00F55F89 /* music.mp3 */ = {isa = PBXFileReference; lastKnownFileType = audio.mp3; path = music.mp3; sourceTree = "<group>"; };
		14A243031EE175D400893C4A /* Pokedex.app */ = {isa = PBXFileReference; explicitFileType = wrapper.application; includeInIndex = 0; path = Pokedex.app; sourceTree = BUILT_PRODUCTS_DIR; };
		14A243061EE175D400893C4A /* AppDelegate.swift */ = {isa = PBXFileReference; lastKnownFileType = sourcecode.swift; path = AppDelegate.swift; sourceTree = "<group>"; };
		14A243081EE175D400893C4A /* ViewController.swift */ = {isa = PBXFileReference; lastKnownFileType = sourcecode.swift; path = ViewController.swift; sourceTree = "<group>"; };
		14A2430B1EE175D400893C4A /* Base */ = {isa = PBXFileReference; lastKnownFileType = file.storyboard; name = Base; path = Base.lproj/Main.storyboard; sourceTree = "<group>"; };
		14A2430D1EE175D400893C4A /* Assets.xcassets */ = {isa = PBXFileReference; lastKnownFileType = folder.assetcatalog; path = Assets.xcassets; sourceTree = "<group>"; };
		14A243101EE175D400893C4A /* Base */ = {isa = PBXFileReference; lastKnownFileType = file.storyboard; name = Base; path = Base.lproj/LaunchScreen.storyboard; sourceTree = "<group>"; };
		14A243121EE175D400893C4A /* Info.plist */ = {isa = PBXFileReference; lastKnownFileType = text.plist.xml; path = Info.plist; sourceTree = "<group>"; };
		14A243181EE2222100893C4A /* pokemon.csv */ = {isa = PBXFileReference; fileEncoding = 4; lastKnownFileType = text; path = pokemon.csv; sourceTree = "<group>"; };
		14A2431B1EE2378400893C4A /* Pokemon.swift */ = {isa = PBXFileReference; fileEncoding = 4; lastKnownFileType = sourcecode.swift; path = Pokemon.swift; sourceTree = "<group>"; };
/* End PBXFileReference section */

/* Begin PBXFrameworksBuildPhase section */
		14A243001EE175D400893C4A /* Frameworks */ = {
			isa = PBXFrameworksBuildPhase;
			buildActionMask = 2147483647;
			files = (
			);
			runOnlyForDeploymentPostprocessing = 0;
		};
/* End PBXFrameworksBuildPhase section */

/* Begin PBXGroup section */
		14361FEF1EE2BE440050AB4E /* View */ = {
			isa = PBXGroup;
			children = (
				14361FF21EE2C0590050AB4E /* Pokecell.swift */,
			);
			name = View;
			path = ..;
			sourceTree = "<group>";
		};
		146BD8091EE4596600F55F89 /* Controller */ = {
			isa = PBXGroup;
			children = (
				14A243081EE175D400893C4A /* ViewController.swift */,
			);
			name = Controller;
			sourceTree = "<group>";
		};
		146BD80A1EE4598B00F55F89 /* Resources */ = {
			isa = PBXGroup;
			children = (
				146BD80E1EE45FEB00F55F89 /* music.mp3 */,
				146BD80C1EE45FE100F55F89 /* music.png */,
				146BD8071EE4591F00F55F89 /* Pokemon.ttf */,
				14A243181EE2222100893C4A /* pokemon.csv */,
			);
			name = Resources;
			sourceTree = "<group>";
		};
		146BD80B1EE459A600F55F89 /* Utilities */ = {
			isa = PBXGroup;
			children = (
				14361FF41EE43BE10050AB4E /* csv.swift */,
			);
			name = Utilities;
			sourceTree = "<group>";
		};
		14A242FA1EE175D400893C4A = {
			isa = PBXGroup;
			children = (
				14A243051EE175D400893C4A /* Pokedex */,
				14A243041EE175D400893C4A /* Products */,
			);
			sourceTree = "<group>";
		};
		14A243041EE175D400893C4A /* Products */ = {
			isa = PBXGroup;
			children = (
				14A243031EE175D400893C4A /* Pokedex.app */,
			);
			name = Products;
			sourceTree = "<group>";
		};
		14A243051EE175D400893C4A /* Pokedex */ = {
			isa = PBXGroup;
			children = (
				14A2431A1EE2375400893C4A /* Model */,
				14361FEF1EE2BE440050AB4E /* View */,
				146BD8091EE4596600F55F89 /* Controller */,
				146BD80B1EE459A600F55F89 /* Utilities */,
				146BD80A1EE4598B00F55F89 /* Resources */,
				14A243061EE175D400893C4A /* AppDelegate.swift */,
				14A2430A1EE175D400893C4A /* Main.storyboard */,
				14A2430D1EE175D400893C4A /* Assets.xcassets */,
				14A2430F1EE175D400893C4A /* LaunchScreen.storyboard */,
				14A243121EE175D400893C4A /* Info.plist */,
			);
			path = Pokedex;
			sourceTree = "<group>";
		};
		14A2431A1EE2375400893C4A /* Model */ = {
			isa = PBXGroup;
			children = (
				14A2431B1EE2378400893C4A /* Pokemon.swift */,
			);
			name = Model;
			sourceTree = "<group>";
		};
/* End PBXGroup section */

/* Begin PBXNativeTarget section */
		14A243021EE175D400893C4A /* Pokedex */ = {
			isa = PBXNativeTarget;
			buildConfigurationList = 14A243151EE175D400893C4A /* Build configuration list for PBXNativeTarget "Pokedex" */;
			buildPhases = (
				14A242FF1EE175D400893C4A /* Sources */,
				14A243001EE175D400893C4A /* Frameworks */,
				14A243011EE175D400893C4A /* Resources */,
			);
			buildRules = (
			);
			dependencies = (
			);
			name = Pokedex;
			productName = Pokedex;
			productReference = 14A243031EE175D400893C4A /* Pokedex.app */;
			productType = "com.apple.product-type.application";
		};
/* End PBXNativeTarget section */

/* Begin PBXProject section */
		14A242FB1EE175D400893C4A /* Project object */ = {
			isa = PBXProject;
			attributes = {
				LastSwiftUpdateCheck = 0830;
				LastUpgradeCheck = 0830;
				ORGANIZATIONNAME = "Jason Shepherd";
				TargetAttributes = {
					14A243021EE175D400893C4A = {
						CreatedOnToolsVersion = 8.3.2;
						DevelopmentTeam = UK2D65UGSV;
						LastSwiftMigration = 0830;
						ProvisioningStyle = Automatic;
					};
				};
			};
			buildConfigurationList = 14A242FE1EE175D400893C4A /* Build configuration list for PBXProject "Pokedex" */;
			compatibilityVersion = "Xcode 3.2";
			developmentRegion = English;
			hasScannedForEncodings = 0;
			knownRegions = (
				en,
				Base,
			);
			mainGroup = 14A242FA1EE175D400893C4A;
			productRefGroup = 14A243041EE175D400893C4A /* Products */;
			projectDirPath = "";
			projectRoot = "";
			targets = (
				14A243021EE175D400893C4A /* Pokedex */,
			);
		};
/* End PBXProject section */

/* Begin PBXResourcesBuildPhase section */
		14A243011EE175D400893C4A /* Resources */ = {
			isa = PBXResourcesBuildPhase;
			buildActionMask = 2147483647;
			files = (
				146BD8081EE4591F00F55F89 /* Pokemon.ttf in Resources */,
				14A243111EE175D400893C4A /* LaunchScreen.storyboard in Resources */,
				14A2430E1EE175D400893C4A /* Assets.xcassets in Resources */,
				14A243191EE2222100893C4A /* pokemon.csv in Resources */,
				14A2430C1EE175D400893C4A /* Main.storyboard in Resources */,
				146BD80F1EE45FEB00F55F89 /* music.mp3 in Resources */,
				146BD80D1EE45FE100F55F89 /* music.png in Resources */,
			);
			runOnlyForDeploymentPostprocessing = 0;
		};
/* End PBXResourcesBuildPhase section */

/* Begin PBXSourcesBuildPhase section */
		14A242FF1EE175D400893C4A /* Sources */ = {
			isa = PBXSourcesBuildPhase;
			buildActionMask = 2147483647;
			files = (
				14361FF31EE2C0590050AB4E /* Pokecell.swift in Sources */,
				14A243091EE175D400893C4A /* ViewController.swift in Sources */,
				14A243071EE175D400893C4A /* AppDelegate.swift in Sources */,
				14A2431C1EE2378400893C4A /* Pokemon.swift in Sources */,
				14361FF51EE43BE10050AB4E /* csv.swift in Sources */,
			);
			runOnlyForDeploymentPostprocessing = 0;
		};
/* End PBXSourcesBuildPhase section */

/* Begin PBXVariantGroup section */
		14A2430A1EE175D400893C4A /* Main.storyboard */ = {
			isa = PBXVariantGroup;
			children = (
				14A2430B1EE175D400893C4A /* Base */,
			);
			name = Main.storyboard;
			sourceTree = "<group>";
		};
		14A2430F1EE175D400893C4A /* LaunchScreen.storyboard */ = {
			isa = PBXVariantGroup;
			children = (
				14A243101EE175D400893C4A /* Base */,
			);
			name = LaunchScreen.storyboard;
			sourceTree = "<group>";
		};
/* End PBXVariantGroup section */

/* Begin XCBuildConfiguration section */
		14A243131EE175D400893C4A /* Debug */ = {
			isa = XCBuildConfiguration;
			buildSettings = {
				ALWAYS_SEARCH_USER_PATHS = NO;
				CLANG_ANALYZER_NONNULL = YES;
				CLANG_ANALYZER_NUMBER_OBJECT_CONVERSION = YES_AGGRESSIVE;
				CLANG_CXX_LANGUAGE_STANDARD = "gnu++0x";
				CLANG_CXX_LIBRARY = "libc++";
				CLANG_ENABLE_MODULES = YES;
				CLANG_ENABLE_OBJC_ARC = YES;
				CLANG_WARN_BOOL_CONVERSION = YES;
				CLANG_WARN_CONSTANT_CONVERSION = YES;
				CLANG_WARN_DIRECT_OBJC_ISA_USAGE = YES_ERROR;
				CLANG_WARN_DOCUMENTATION_COMMENTS = YES;
				CLANG_WARN_EMPTY_BODY = YES;
				CLANG_WARN_ENUM_CONVERSION = YES;
				CLANG_WARN_INFINITE_RECURSION = YES;
				CLANG_WARN_INT_CONVERSION = YES;
				CLANG_WARN_OBJC_ROOT_CLASS = YES_ERROR;
				CLANG_WARN_SUSPICIOUS_MOVE = YES;
				CLANG_WARN_UNREACHABLE_CODE = YES;
				CLANG_WARN__DUPLICATE_METHOD_MATCH = YES;
				"CODE_SIGN_IDENTITY[sdk=iphoneos*]" = "iPhone Developer";
				COPY_PHASE_STRIP = NO;
				DEBUG_INFORMATION_FORMAT = dwarf;
				ENABLE_STRICT_OBJC_MSGSEND = YES;
				ENABLE_TESTABILITY = YES;
				GCC_C_LANGUAGE_STANDARD = gnu99;
				GCC_DYNAMIC_NO_PIC = NO;
				GCC_NO_COMMON_BLOCKS = YES;
				GCC_OPTIMIZATION_LEVEL = 0;
				GCC_PREPROCESSOR_DEFINITIONS = (
					"DEBUG=1",
					"$(inherited)",
				);
				GCC_WARN_64_TO_32_BIT_CONVERSION = YES;
				GCC_WARN_ABOUT_RETURN_TYPE = YES_ERROR;
				GCC_WARN_UNDECLARED_SELECTOR = YES;
				GCC_WARN_UNINITIALIZED_AUTOS = YES_AGGRESSIVE;
				GCC_WARN_UNUSED_FUNCTION = YES;
				GCC_WARN_UNUSED_VARIABLE = YES;
				IPHONEOS_DEPLOYMENT_TARGET = 10.3;
				MTL_ENABLE_DEBUG_INFO = YES;
				ONLY_ACTIVE_ARCH = YES;
				SDKROOT = iphoneos;
				SWIFT_ACTIVE_COMPILATION_CONDITIONS = DEBUG;
				SWIFT_OPTIMIZATION_LEVEL = "-Onone";
			};
			name = Debug;
		};
		14A243141EE175D400893C4A /* Release */ = {
			isa = XCBuildConfiguration;
			buildSettings = {
				ALWAYS_SEARCH_USER_PATHS = NO;
				CLANG_ANALYZER_NONNULL = YES;
				CLANG_ANALYZER_NUMBER_OBJECT_CONVERSION = YES_AGGRESSIVE;
				CLANG_CXX_LANGUAGE_STANDARD = "gnu++0x";
				CLANG_CXX_LIBRARY = "libc++";
				CLANG_ENABLE_MODULES = YES;
				CLANG_ENABLE_OBJC_ARC = YES;
				CLANG_WARN_BOOL_CONVERSION = YES;
				CLANG_WARN_CONSTANT_CONVERSION = YES;
				CLANG_WARN_DIRECT_OBJC_ISA_USAGE = YES_ERROR;
				CLANG_WARN_DOCUMENTATION_COMMENTS = YES;
				CLANG_WARN_EMPTY_BODY = YES;
				CLANG_WARN_ENUM_CONVERSION = YES;
				CLANG_WARN_INFINITE_RECURSION = YES;
				CLANG_WARN_INT_CONVERSION = YES;
				CLANG_WARN_OBJC_ROOT_CLASS = YES_ERROR;
				CLANG_WARN_SUSPICIOUS_MOVE = YES;
				CLANG_WARN_UNREACHABLE_CODE = YES;
				CLANG_WARN__DUPLICATE_METHOD_MATCH = YES;
				"CODE_SIGN_IDENTITY[sdk=iphoneos*]" = "iPhone Developer";
				COPY_PHASE_STRIP = NO;
				DEBUG_INFORMATION_FORMAT = "dwarf-with-dsym";
				ENABLE_NS_ASSERTIONS = NO;
				ENABLE_STRICT_OBJC_MSGSEND = YES;
				GCC_C_LANGUAGE_STANDARD = gnu99;
				GCC_NO_COMMON_BLOCKS = YES;
				GCC_WARN_64_TO_32_BIT_CONVERSION = YES;
				GCC_WARN_ABOUT_RETURN_TYPE = YES_ERROR;
				GCC_WARN_UNDECLARED_SELECTOR = YES;
				GCC_WARN_UNINITIALIZED_AUTOS = YES_AGGRESSIVE;
				GCC_WARN_UNUSED_FUNCTION = YES;
				GCC_WARN_UNUSED_VARIABLE = YES;
				IPHONEOS_DEPLOYMENT_TARGET = 10.3;
				MTL_ENABLE_DEBUG_INFO = NO;
				SDKROOT = iphoneos;
				SWIFT_OPTIMIZATION_LEVEL = "-Owholemodule";
				VALIDATE_PRODUCT = YES;
			};
			name = Release;
		};
		14A243161EE175D400893C4A /* Debug */ = {
			isa = XCBuildConfiguration;
			buildSettings = {
				ASSETCATALOG_COMPILER_APPICON_NAME = AppIcon;
				DEVELOPMENT_TEAM = UK2D65UGSV;
				INFOPLIST_FILE = Pokedex/Info.plist;
				LD_RUNPATH_SEARCH_PATHS = "$(inherited) @executable_path/Frameworks";
				PRODUCT_BUNDLE_IDENTIFIER = jshep.Pokedex;
				PRODUCT_NAME = "$(TARGET_NAME)";
				SWIFT_VERSION = 3.0;
			};
			name = Debug;
		};
		14A243171EE175D400893C4A /* Release */ = {
			isa = XCBuildConfiguration;
			buildSettings = {
				ASSETCATALOG_COMPILER_APPICON_NAME = AppIcon;
				DEVELOPMENT_TEAM = UK2D65UGSV;
				INFOPLIST_FILE = Pokedex/Info.plist;
				LD_RUNPATH_SEARCH_PATHS = "$(inherited) @executable_path/Frameworks";
				PRODUCT_BUNDLE_IDENTIFIER = jshep.Pokedex;
				PRODUCT_NAME = "$(TARGET_NAME)";
				SWIFT_VERSION = 3.0;
			};
			name = Release;
		};
/* End XCBuildConfiguration section */

/* Begin XCConfigurationList section */
		14A242FE1EE175D400893C4A /* Build configuration list for PBXProject "Pokedex" */ = {
			isa = XCConfigurationList;
			buildConfigurations = (
				14A243131EE175D400893C4A /* Debug */,
				14A243141EE175D400893C4A /* Release */,
			);
			defaultConfigurationIsVisible = 0;
			defaultConfigurationName = Release;
		};
		14A243151EE175D400893C4A /* Build configuration list for PBXNativeTarget "Pokedex" */ = {
			isa = XCConfigurationList;
			buildConfigurations = (
				14A243161EE175D400893C4A /* Debug */,
				14A243171EE175D400893C4A /* Release */,
			);
			defaultConfigurationIsVisible = 0;
			defaultConfigurationName = Release;
		};
/* End XCConfigurationList section */
	};
	rootObject = 14A242FB1EE175D400893C4A /* Project object */;
}
